
Microsoft Visual Studio Solution File, Format Version 12.00
# Visual Studio Version 17
VisualStudioVersion = 17.1.32414.318
MinimumVisualStudioVersion = 10.0.40219.1
Project("{9A19103F-16F7-4668-BE54-9A1E7A4F7556}") = "Purse", "Purse\Purse.csproj", "{637FFBE2-3DB7-4212-BD6A-46B3A7B4B3DE}"
EndProject
Project("{FAE04EC0-301F-11D3-BF4B-00C04F79EFBC}") = "CreditCard", "CreditCard\CreditCard.csproj", "{1A579987-BDF6-491F-9927-88441E3929A0}"
EndProject
Global
	GlobalSection(SolutionConfigurationPlatforms) = preSolution
		Debug|Any CPU = Debug|Any CPU
		Release|Any CPU = Release|Any CPU
	EndGlobalSection
	GlobalSection(ProjectConfigurationPlatforms) = postSolution
		{637FFBE2-3DB7-4212-BD6A-46B3A7B4B3DE}.Debug|Any CPU.ActiveCfg = Debug|Any CPU
		{637FFBE2-3DB7-4212-BD6A-46B3A7B4B3DE}.Debug|Any CPU.Build.0 = Debug|Any CPU
		{637FFBE2-3DB7-4212-BD6A-46B3A7B4B3DE}.Release|Any CPU.ActiveCfg = Release|Any CPU
		{637FFBE2-3DB7-4212-BD6A-46B3A7B4B3DE}.Release|Any CPU.Build.0 = Release|Any CPU
		{1A579987-BDF6-491F-9927-88441E3929A0}.Debug|Any CPU.ActiveCfg = Debug|Any CPU
		{1A579987-BDF6-491F-9927-88441E3929A0}.Debug|Any CPU.Build.0 = Debug|Any CPU
		{1A579987-BDF6-491F-9927-88441E3929A0}.Release|Any CPU.ActiveCfg = Release|Any CPU
		{1A579987-BDF6-491F-9927-88441E3929A0}.Release|Any CPU.Build.0 = Release|Any CPU
	EndGlobalSection
	GlobalSection(SolutionProperties) = preSolution
		HideSolutionNode = FALSE
	EndGlobalSection
	GlobalSection(ExtensibilityGlobals) = postSolution
		SolutionGuid = {1797BD36-B742-41E5-AF2C-F3688E314632}
	EndGlobalSection
EndGlobal
